// !$*UTF8*$!
{
	archiveVersion = 1;
	classes = {
	};
	objectVersion = 46;
	objects = {

/* Begin PBXBuildFile section */
		80D6767B1AF6BF5600B3BB25 /* AppDelegate.swift in Sources */ = {isa = PBXBuildFile; fileRef = 80D6767A1AF6BF5600B3BB25 /* AppDelegate.swift */; };
		80D6767D1AF6BF5600B3BB25 /* ViewController.swift in Sources */ = {isa = PBXBuildFile; fileRef = 80D6767C1AF6BF5600B3BB25 /* ViewController.swift */; };
		80D676801AF6BF5600B3BB25 /* Main.storyboard in Resources */ = {isa = PBXBuildFile; fileRef = 80D6767E1AF6BF5600B3BB25 /* Main.storyboard */; };
		80D676821AF6BF5600B3BB25 /* Images.xcassets in Resources */ = {isa = PBXBuildFile; fileRef = 80D676811AF6BF5600B3BB25 /* Images.xcassets */; };
		80D676911AF6BF5600B3BB25 /* SwiftGameTests.swift in Sources */ = {isa = PBXBuildFile; fileRef = 80D676901AF6BF5600B3BB25 /* SwiftGameTests.swift */; };
/* End PBXBuildFile section */

/* Begin PBXContainerItemProxy section */
		80D6768B1AF6BF5600B3BB25 /* PBXContainerItemProxy */ = {
			isa = PBXContainerItemProxy;
			containerPortal = 80D6766D1AF6BF5600B3BB25 /* Project object */;
			proxyType = 1;
			remoteGlobalIDString = 80D676741AF6BF5600B3BB25;
			remoteInfo = SwiftGame;
		};
/* End PBXContainerItemProxy section */

/* Begin PBXFileReference section */
		80D676751AF6BF5600B3BB25 /* SwiftGame.app */ = {isa = PBXFileReference; explicitFileType = wrapper.application; includeInIndex = 0; path = SwiftGame.app; sourceTree = BUILT_PRODUCTS_DIR; };
		80D676791AF6BF5600B3BB25 /* Info.plist */ = {isa = PBXFileReference; lastKnownFileType = text.plist.xml; path = Info.plist; sourceTree = "<group>"; };
		80D6767A1AF6BF5600B3BB25 /* AppDelegate.swift */ = {isa = PBXFileReference; lastKnownFileType = sourcecode.swift; path = AppDelegate.swift; sourceTree = "<group>"; };
		80D6767C1AF6BF5600B3BB25 /* ViewController.swift */ = {isa = PBXFileReference; lastKnownFileType = sourcecode.swift; path = ViewController.swift; sourceTree = "<group>"; };
		80D6767F1AF6BF5600B3BB25 /* Base */ = {isa = PBXFileReference; lastKnownFileType = file.storyboard; name = Base; path = Base.lproj/Main.storyboard; sourceTree = "<group>"; };
		80D676811AF6BF5600B3BB25 /* Images.xcassets */ = {isa = PBXFileReference; lastKnownFileType = folder.assetcatalog; path = Images.xcassets; sourceTree = "<group>"; };
		80D6768A1AF6BF5600B3BB25 /* SwiftGameTests.xctest */ = {isa = PBXFileReference; explicitFileType = wrapper.cfbundle; includeInIndex = 0; path = SwiftGameTests.xctest; sourceTree = BUILT_PRODUCTS_DIR; };
		80D6768F1AF6BF5600B3BB25 /* Info.plist */ = {isa = PBXFileReference; lastKnownFileType = text.plist.xml; path = Info.plist; sourceTree = "<group>"; };
		80D676901AF6BF5600B3BB25 /* SwiftGameTests.swift */ = {isa = PBXFileReference; lastKnownFileType = sourcecode.swift; path = SwiftGameTests.swift; sourceTree = "<group>"; };
/* End PBXFileReference section */

/* Begin PBXFrameworksBuildPhase section */
		80D676721AF6BF5600B3BB25 /* Frameworks */ = {
			isa = PBXFrameworksBuildPhase;
			buildActionMask = 2147483647;
			files = (
			);
			runOnlyForDeploymentPostprocessing = 0;
		};
		80D676871AF6BF5600B3BB25 /* Frameworks */ = {
			isa = PBXFrameworksBuildPhase;
			buildActionMask = 2147483647;
			files = (
			);
			runOnlyForDeploymentPostprocessing = 0;
		};
/* End PBXFrameworksBuildPhase section */

/* Begin PBXGroup section */
		80D6766C1AF6BF5600B3BB25 = {
			isa = PBXGroup;
			children = (
				80D676771AF6BF5600B3BB25 /* SwiftGame */,
				80D6768D1AF6BF5600B3BB25 /* SwiftGameTests */,
				80D676761AF6BF5600B3BB25 /* Products */,
			);
			sourceTree = "<group>";
		};
		80D676761AF6BF5600B3BB25 /* Products */ = {
			isa = PBXGroup;
			children = (
				80D676751AF6BF5600B3BB25 /* SwiftGame.app */,
				80D6768A1AF6BF5600B3BB25 /* SwiftGameTests.xctest */,
			);
			name = Products;
			sourceTree = "<group>";
		};
		80D676771AF6BF5600B3BB25 /* SwiftGame */ = {
			isa = PBXGroup;
			children = (
				80D6767A1AF6BF5600B3BB25 /* AppDelegate.swift */,
				80D6767C1AF6BF5600B3BB25 /* ViewController.swift */,
				80D6767E1AF6BF5600B3BB25 /* Main.storyboard */,
				80D676811AF6BF5600B3BB25 /* Images.xcassets */,
				80D676781AF6BF5600B3BB25 /* Supporting Files */,
			);
			path = SwiftGame;
			sourceTree = "<group>";
		};
		80D676781AF6BF5600B3BB25 /* Supporting Files */ = {
			isa = PBXGroup;
			children = (
				80D676791AF6BF5600B3BB25 /* Info.plist */,
			);
			name = "Supporting Files";
			sourceTree = "<group>";
		};
		80D6768D1AF6BF5600B3BB25 /* SwiftGameTests */ = {
			isa = PBXGroup;
			children = (
				80D676901AF6BF5600B3BB25 /* SwiftGameTests.swift */,
				80D6768E1AF6BF5600B3BB25 /* Supporting Files */,
			);
			path = SwiftGameTests;
			sourceTree = "<group>";
		};
		80D6768E1AF6BF5600B3BB25 /* Supporting Files */ = {
			isa = PBXGroup;
			children = (
				80D6768F1AF6BF5600B3BB25 /* Info.plist */,
			);
			name = "Supporting Files";
			sourceTree = "<group>";
		};
/* End PBXGroup section */

/* Begin PBXNativeTarget section */
		80D676741AF6BF5600B3BB25 /* SwiftGame */ = {
			isa = PBXNativeTarget;
			buildConfigurationList = 80D676941AF6BF5600B3BB25 /* Build configuration list for PBXNativeTarget "SwiftGame" */;
			buildPhases = (
				80D676711AF6BF5600B3BB25 /* Sources */,
				80D676721AF6BF5600B3BB25 /* Frameworks */,
				80D676731AF6BF5600B3BB25 /* Resources */,
			);
			buildRules = (
			);
			dependencies = (
			);
			name = SwiftGame;
			productName = SwiftGame;
			productReference = 80D676751AF6BF5600B3BB25 /* SwiftGame.app */;
			productType = "com.apple.product-type.application";
		};
		80D676891AF6BF5600B3BB25 /* SwiftGameTests */ = {
			isa = PBXNativeTarget;
			buildConfigurationList = 80D676971AF6BF5600B3BB25 /* Build configuration list for PBXNativeTarget "SwiftGameTests" */;
			buildPhases = (
				80D676861AF6BF5600B3BB25 /* Sources */,
				80D676871AF6BF5600B3BB25 /* Frameworks */,
				80D676881AF6BF5600B3BB25 /* Resources */,
			);
			buildRules = (
			);
			dependencies = (
				80D6768C1AF6BF5600B3BB25 /* PBXTargetDependency */,
			);
			name = SwiftGameTests;
			productName = SwiftGameTests;
			productReference = 80D6768A1AF6BF5600B3BB25 /* SwiftGameTests.xctest */;
			productType = "com.apple.product-type.bundle.unit-test";
		};
/* End PBXNativeTarget section */

/* Begin PBXProject section */
		80D6766D1AF6BF5600B3BB25 /* Project object */ = {
			isa = PBXProject;
			attributes = {
				LastUpgradeCheck = 0630;
				ORGANIZATIONNAME = zamudio;
				TargetAttributes = {
					80D676741AF6BF5600B3BB25 = {
						CreatedOnToolsVersion = 6.3.1;
					};
					80D676891AF6BF5600B3BB25 = {
						CreatedOnToolsVersion = 6.3.1;
						TestTargetID = 80D676741AF6BF5600B3BB25;
					};
				};
			};
			buildConfigurationList = 80D676701AF6BF5600B3BB25 /* Build configuration list for PBXProject "SwiftGame" */;
			compatibilityVersion = "Xcode 3.2";
			developmentRegion = English;
			hasScannedForEncodings = 0;
			knownRegions = (
				en,
				Base,
			);
			mainGroup = 80D6766C1AF6BF5600B3BB25;
			productRefGroup = 80D676761AF6BF5600B3BB25 /* Products */;
			projectDirPath = "";
			projectRoot = "";
			targets = (
				80D676741AF6BF5600B3BB25 /* SwiftGame */,
				80D676891AF6BF5600B3BB25 /* SwiftGameTests */,
			);
		};
/* End PBXProject section */

/* Begin PBXResourcesBuildPhase section */
		80D676731AF6BF5600B3BB25 /* Resources */ = {
			isa = PBXResourcesBuildPhase;
			buildActionMask = 2147483647;
			files = (
				80D676801AF6BF5600B3BB25 /* Main.storyboard in Resources */,
				80D676821AF6BF5600B3BB25 /* Images.xcassets in Resources */,
			);
			runOnlyForDeploymentPostprocessing = 0;
		};
		80D676881AF6BF5600B3BB25 /* Resources */ = {
			isa = PBXResourcesBuildPhase;
			buildActionMask = 2147483647;
			files = (
			);
			runOnlyForDeploymentPostprocessing = 0;
		};
/* End PBXResourcesBuildPhase section */

/* Begin PBXSourcesBuildPhase section */
		80D676711AF6BF5600B3BB25 /* Sources */ = {
			isa = PBXSourcesBuildPhase;
			buildActionMask = 2147483647;
			files = (
				80D6767D1AF6BF5600B3BB25 /* ViewController.swift in Sources */,
				80D6767B1AF6BF5600B3BB25 /* AppDelegate.swift in Sources */,
			);
			runOnlyForDeploymentPostprocessing = 0;
		};
		80D676861AF6BF5600B3BB25 /* Sources */ = {
			isa = PBXSourcesBuildPhase;
			buildActionMask = 2147483647;
			files = (
				80D676911AF6BF5600B3BB25 /* SwiftGameTests.swift in Sources */,
			);
			runOnlyForDeploymentPostprocessing = 0;
		};
/* End PBXSourcesBuildPhase section */

/* Begin PBXTargetDependency section */
		80D6768C1AF6BF5600B3BB25 /* PBXTargetDependency */ = {
			isa = PBXTargetDependency;
			target = 80D676741AF6BF5600B3BB25 /* SwiftGame */;
			targetProxy = 80D6768B1AF6BF5600B3BB25 /* PBXContainerItemProxy */;
		};
/* End PBXTargetDependency section */

/* Begin PBXVariantGroup section */
		80D6767E1AF6BF5600B3BB25 /* Main.storyboard */ = {
			isa = PBXVariantGroup;
			children = (
				80D6767F1AF6BF5600B3BB25 /* Base */,
			);
			name = Main.storyboard;
			sourceTree = "<group>";
		};
/* End PBXVariantGroup section */

/* Begin XCBuildConfiguration section */
		80D676921AF6BF5600B3BB25 /* Debug */ = {
			isa = XCBuildConfiguration;
			buildSettings = {
				ALWAYS_SEARCH_USER_PATHS = NO;
				CLANG_CXX_LANGUAGE_STANDARD = "gnu++0x";
				CLANG_CXX_LIBRARY = "libc++";
				CLANG_ENABLE_MODULES = YES;
				CLANG_ENABLE_OBJC_ARC = YES;
				CLANG_WARN_BOOL_CONVERSION = YES;
				CLANG_WARN_CONSTANT_CONVERSION = YES;
				CLANG_WARN_DIRECT_OBJC_ISA_USAGE = YES_ERROR;
				CLANG_WARN_EMPTY_BODY = YES;
				CLANG_WARN_ENUM_CONVERSION = YES;
				CLANG_WARN_INT_CONVERSION = YES;
				CLANG_WARN_OBJC_ROOT_CLASS = YES_ERROR;
				CLANG_WARN_UNREACHABLE_CODE = YES;
				CLANG_WARN__DUPLICATE_METHOD_MATCH = YES;
				"CODE_SIGN_IDENTITY[sdk=iphoneos*]" = "iPhone Developer";
				COPY_PHASE_STRIP = NO;
				DEBUG_INFORMATION_FORMAT = "dwarf-with-dsym";
				ENABLE_STRICT_OBJC_MSGSEND = YES;
				GCC_C_LANGUAGE_STANDARD = gnu99;
				GCC_DYNAMIC_NO_PIC = NO;
				GCC_NO_COMMON_BLOCKS = YES;
				GCC_OPTIMIZATION_LEVEL = 0;
				GCC_PREPROCESSOR_DEFINITIONS = (
					"DEBUG=1",
					"$(inherited)",
				);
				GCC_SYMBOLS_PRIVATE_EXTERN = NO;
				GCC_WARN_64_TO_32_BIT_CONVERSION = YES;
				GCC_WARN_ABOUT_RETURN_TYPE = YES_ERROR;
				GCC_WARN_UNDECLARED_SELECTOR = YES;
				GCC_WARN_UNINITIALIZED_AUTOS = YES_AGGRESSIVE;
				GCC_WARN_UNUSED_FUNCTION = YES;
				GCC_WARN_UNUSED_VARIABLE = YES;
				IPHONEOS_DEPLOYMENT_TARGET = 8.3;
				MTL_ENABLE_DEBUG_INFO = YES;
				ONLY_ACTIVE_ARCH = YES;
				SDKROOT = iphoneos;
				SWIFT_OPTIMIZATION_LEVEL = "-Onone";
			};
			name = Debug;
		};
		80D676931AF6BF5600B3BB25 /* Release */ = {
			isa = XCBuildConfiguration;
			buildSettings = {
				ALWAYS_SEARCH_USER_PATHS = NO;
				CLANG_CXX_LANGUAGE_STANDARD = "gnu++0x";
				CLANG_CXX_LIBRARY = "libc++";
				CLANG_ENABLE_MODULES = YES;
				CLANG_ENABLE_OBJC_ARC = YES;
				CLANG_WARN_BOOL_CONVERSION = YES;
				CLANG_WARN_CONSTANT_CONVERSION = YES;
				CLANG_WARN_DIRECT_OBJC_ISA_USAGE = YES_ERROR;
				CLANG_WARN_EMPTY_BODY = YES;
				CLANG_WARN_ENUM_CONVERSION = YES;
				CLANG_WARN_INT_CONVERSION = YES;
				CLANG_WARN_OBJC_ROOT_CLASS = YES_ERROR;
				CLANG_WARN_UNREACHABLE_CODE = YES;
				CLANG_WARN__DUPLICATE_METHOD_MATCH = YES;
				"CODE_SIGN_IDENTITY[sdk=iphoneos*]" = "iPhone Developer";
				COPY_PHASE_STRIP = NO;
				DEBUG_INFORMATION_FORMAT = "dwarf-with-dsym";
				ENABLE_NS_ASSERTIONS = NO;
				ENABLE_STRICT_OBJC_MSGSEND = YES;
				GCC_C_LANGUAGE_STANDARD = gnu99;
				GCC_NO_COMMON_BLOCKS = YES;
				GCC_WARN_64_TO_32_BIT_CONVERSION = YES;
				GCC_WARN_ABOUT_RETURN_TYPE = YES_ERROR;
				GCC_WARN_UNDECLARED_SELECTOR = YES;
				GCC_WARN_UNINITIALIZED_AUTOS = YES_AGGRESSIVE;
				GCC_WARN_UNUSED_FUNCTION = YES;
				GCC_WARN_UNUSED_VARIABLE = YES;
				IPHONEOS_DEPLOYMENT_TARGET = 8.3;
				MTL_ENABLE_DEBUG_INFO = NO;
				SDKROOT = iphoneos;
				VALIDATE_PRODUCT = YES;
			};
			name = Release;
		};
		80D676951AF6BF5600B3BB25 /* Debug */ = {
			isa = XCBuildConfiguration;
			buildSettings = {
				ASSETCATALOG_COMPILER_APPICON_NAME = AppIcon;
				INFOPLIST_FILE = SwiftGame/Info.plist;
				LD_RUNPATH_SEARCH_PATHS = "$(inherited) @executable_path/Frameworks";
				PRODUCT_NAME = "$(TARGET_NAME)";
			};
			name = Debug;
		};
		80D676961AF6BF5600B3BB25 /* Release */ = {
			isa = XCBuildConfiguration;
			buildSettings = {
				ASSETCATALOG_COMPILER_APPICON_NAME = AppIcon;
				INFOPLIST_FILE = SwiftGame/Info.plist;
				LD_RUNPATH_SEARCH_PATHS = "$(inherited) @executable_path/Frameworks";
				PRODUCT_NAME = "$(TARGET_NAME)";
			};
			name = Release;
		};
		80D676981AF6BF5600B3BB25 /* Debug */ = {
			isa = XCBuildConfiguration;
			buildSettings = {
				BUNDLE_LOADER = "$(TEST_HOST)";
				FRAMEWORK_SEARCH_PATHS = (
					"$(SDKROOT)/Developer/Library/Frameworks",
					"$(inherited)",
				);
				GCC_PREPROCESSOR_DEFINITIONS = (
					"DEBUG=1",
					"$(inherited)",
				);
				INFOPLIST_FILE = SwiftGameTests/Info.plist;
				LD_RUNPATH_SEARCH_PATHS = "$(inherited) @executable_path/Frameworks @loader_path/Frameworks";
				PRODUCT_NAME = "$(TARGET_NAME)";
				TEST_HOST = "$(BUILT_PRODUCTS_DIR)/SwiftGame.app/SwiftGame";
			};
			name = Debug;
		};
		80D676991AF6BF5600B3BB25 /* Release */ = {
			isa = XCBuildConfiguration;
			buildSettings = {
				BUNDLE_LOADER = "$(TEST_HOST)";
				FRAMEWORK_SEARCH_PATHS = (
					"$(SDKROOT)/Developer/Library/Frameworks",
					"$(inherited)",
				);
				INFOPLIST_FILE = SwiftGameTests/Info.plist;
				LD_RUNPATH_SEARCH_PATHS = "$(inherited) @executable_path/Frameworks @loader_path/Frameworks";
				PRODUCT_NAME = "$(TARGET_NAME)";
				TEST_HOST = "$(BUILT_PRODUCTS_DIR)/SwiftGame.app/SwiftGame";
			};
			name = Release;
		};
/* End XCBuildConfiguration section */

/* Begin XCConfigurationList section */
		80D676701AF6BF5600B3BB25 /* Build configuration list for PBXProject "SwiftGame" */ = {
			isa = XCConfigurationList;
			buildConfigurations = (
				80D676921AF6BF5600B3BB25 /* Debug */,
				80D676931AF6BF5600B3BB25 /* Release */,
			);
			defaultConfigurationIsVisible = 0;
			defaultConfigurationName = Release;
		};
		80D676941AF6BF5600B3BB25 /* Build configuration list for PBXNativeTarget "SwiftGame" */ = {
			isa = XCConfigurationList;
			buildConfigurations = (
				80D676951AF6BF5600B3BB25 /* Debug */,
				80D676961AF6BF5600B3BB25 /* Release */,
			);
			defaultConfigurationIsVisible = 0;
		};
		80D676971AF6BF5600B3BB25 /* Build configuration list for PBXNativeTarget "SwiftGameTests" */ = {
			isa = XCConfigurationList;
			buildConfigurations = (
				80D676981AF6BF5600B3BB25 /* Debug */,
				80D676991AF6BF5600B3BB25 /* Release */,
			);
			defaultConfigurationIsVisible = 0;
		};
/* End XCConfigurationList section */
	};
	rootObject = 80D6766D1AF6BF5600B3BB25 /* Project object */;
}
